// !$*UTF8*$!
{
	archiveVersion = 1;
	classes = {
	};
	objectVersion = 46;
	objects = {

/* Begin PBXBuildFile section */
		751CBF4D1B0E7C4900B5CF6D /* main.m in Sources */ = {isa = PBXBuildFile; fileRef = 751CBF4C1B0E7C4900B5CF6D /* main.m */; };
		751CBF501B0E7C4900B5CF6D /* AppDelegate.m in Sources */ = {isa = PBXBuildFile; fileRef = 751CBF4F1B0E7C4900B5CF6D /* AppDelegate.m */; };
		751CBF531B0E7C4900B5CF6D /* GameScene.m in Sources */ = {isa = PBXBuildFile; fileRef = 751CBF521B0E7C4900B5CF6D /* GameScene.m */; };
		751CBF551B0E7C4900B5CF6D /* GameScene.sks in Resources */ = {isa = PBXBuildFile; fileRef = 751CBF541B0E7C4900B5CF6D /* GameScene.sks */; };
		751CBF581B0E7C4900B5CF6D /* GameViewController.m in Sources */ = {isa = PBXBuildFile; fileRef = 751CBF571B0E7C4900B5CF6D /* GameViewController.m */; };
		751CBF5B1B0E7C4900B5CF6D /* Main.storyboard in Resources */ = {isa = PBXBuildFile; fileRef = 751CBF591B0E7C4900B5CF6D /* Main.storyboard */; };
		751CBF5D1B0E7C4900B5CF6D /* Images.xcassets in Resources */ = {isa = PBXBuildFile; fileRef = 751CBF5C1B0E7C4900B5CF6D /* Images.xcassets */; };
		751CBF601B0E7C4900B5CF6D /* LaunchScreen.xib in Resources */ = {isa = PBXBuildFile; fileRef = 751CBF5E1B0E7C4900B5CF6D /* LaunchScreen.xib */; };
		751CBF6C1B0E7C4900B5CF6D /* HAOS_HELLTests.m in Sources */ = {isa = PBXBuildFile; fileRef = 751CBF6B1B0E7C4900B5CF6D /* HAOS_HELLTests.m */; };
		751CBF7A1B0E7CC000B5CF6D /* HWHellGenerator.m in Sources */ = {isa = PBXBuildFile; fileRef = 751CBF791B0E7CC000B5CF6D /* HWHellGenerator.m */; };
		751CBF7D1B0E7CE300B5CF6D /* HWDude.m in Sources */ = {isa = PBXBuildFile; fileRef = 751CBF7C1B0E7CE300B5CF6D /* HWDude.m */; };
		751CBF7F1B0EB1C300B5CF6D /* CoreMotion.framework in Frameworks */ = {isa = PBXBuildFile; fileRef = 751CBF7E1B0EB1C300B5CF6D /* CoreMotion.framework */; };
		751CBF811B11635E00B5CF6D /* QuartzCore.framework in Frameworks */ = {isa = PBXBuildFile; fileRef = 751CBF801B11635E00B5CF6D /* QuartzCore.framework */; };
		751CBF841B11687000B5CF6D /* HWMovingBars.m in Sources */ = {isa = PBXBuildFile; fileRef = 751CBF831B11687000B5CF6D /* HWMovingBars.m */; };
		751CBF871B13F4AE00B5CF6D /* HWLevel6.m in Sources */ = {isa = PBXBuildFile; fileRef = 751CBF861B13F4AE00B5CF6D /* HWLevel6.m */; };
		751CBF8A1B155B0800B5CF6D /* HWFastEnemy.m in Sources */ = {isa = PBXBuildFile; fileRef = 751CBF891B155B0800B5CF6D /* HWFastEnemy.m */; };
		751CBF8D1B17D01800B5CF6D /* HWLabels.m in Sources */ = {isa = PBXBuildFile; fileRef = 751CBF8C1B17D01800B5CF6D /* HWLabels.m */; };
		751CBF901B1801FA00B5CF6D /* HWGameData.m in Sources */ = {isa = PBXBuildFile; fileRef = 751CBF8F1B1801FA00B5CF6D /* HWGameData.m */; };
		7545004C1B1BCF4D00D792ED /* platform20.png in Resources */ = {isa = PBXBuildFile; fileRef = 7545004B1B1BCF4D00D792ED /* platform20.png */; };
		754500541B1CFFF400D792ED /* arror_new30.png in Resources */ = {isa = PBXBuildFile; fileRef = 754500531B1CFFF400D792ED /* arror_new30.png */; };
		754500561B1D004400D792ED /* arror_new20.png in Resources */ = {isa = PBXBuildFile; fileRef = 754500551B1D004400D792ED /* arror_new20.png */; };
		7545005C1B1D046700D792ED /* obs20.png in Resources */ = {isa = PBXBuildFile; fileRef = 7545005B1B1D046700D792ED /* obs20.png */; };
		7545005E1B1D064A00D792ED /* platform20_100.png in Resources */ = {isa = PBXBuildFile; fileRef = 7545005D1B1D064A00D792ED /* platform20_100.png */; };
		7545006A1B1D14B800D792ED /* initbar.png in Resources */ = {isa = PBXBuildFile; fileRef = 754500691B1D14B700D792ED /* initbar.png */; };
		7545006C1B1D15AE00D792ED /* bar.png in Resources */ = {isa = PBXBuildFile; fileRef = 7545006B1B1D15AE00D792ED /* bar.png */; };
		754500721B1D1E6900D792ED /* nail.png in Resources */ = {isa = PBXBuildFile; fileRef = 754500711B1D1E6900D792ED /* nail.png */; };
		754500741B1D231100D792ED /* arror_new20_m.png in Resources */ = {isa = PBXBuildFile; fileRef = 754500731B1D231100D792ED /* arror_new20_m.png */; };
		754500761B1D241800D792ED /* clock.png in Resources */ = {isa = PBXBuildFile; fileRef = 754500751B1D241800D792ED /* clock.png */; };
		754500781B1D252A00D792ED /* clock30.png in Resources */ = {isa = PBXBuildFile; fileRef = 754500771B1D252A00D792ED /* clock30.png */; };
		7545007A1B1D25E200D792ED /* devil30.png in Resources */ = {isa = PBXBuildFile; fileRef = 754500791B1D25E200D792ED /* devil30.png */; };
		754500801B1D2AD800D792ED /* guy.png in Resources */ = {isa = PBXBuildFile; fileRef = 7545007B1B1D2AD800D792ED /* guy.png */; };
		754500811B1D2AD800D792ED /* guyD1.png in Resources */ = {isa = PBXBuildFile; fileRef = 7545007C1B1D2AD800D792ED /* guyD1.png */; };
		754500821B1D2AD800D792ED /* guyD2.png in Resources */ = {isa = PBXBuildFile; fileRef = 7545007D1B1D2AD800D792ED /* guyD2.png */; };
		754500831B1D2AD800D792ED /* guyD3.png in Resources */ = {isa = PBXBuildFile; fileRef = 7545007E1B1D2AD800D792ED /* guyD3.png */; };
		754500841B1D2AD800D792ED /* guyD4.png in Resources */ = {isa = PBXBuildFile; fileRef = 7545007F1B1D2AD800D792ED /* guyD4.png */; };
		754500861B1D2C0800D792ED /* blood.png in Resources */ = {isa = PBXBuildFile; fileRef = 754500851B1D2C0800D792ED /* blood.png */; };
		754500881B1D337800D792ED /* guy_m.png in Resources */ = {isa = PBXBuildFile; fileRef = 754500871B1D337800D792ED /* guy_m.png */; };
		7545008A1B1D34CB00D792ED /* speedup400.png in Resources */ = {isa = PBXBuildFile; fileRef = 754500891B1D34CB00D792ED /* speedup400.png */; };
		7545008C1B1D79CE00D792ED /* skull30.png in Resources */ = {isa = PBXBuildFile; fileRef = 7545008B1B1D79CE00D792ED /* skull30.png */; };
		7545008E1B1D7CFB00D792ED /* falldown.png in Resources */ = {isa = PBXBuildFile; fileRef = 7545008D1B1D7CFB00D792ED /* falldown.png */; };
		754500901B1E69CF00D792ED /* nail_m.png in Resources */ = {isa = PBXBuildFile; fileRef = 7545008F1B1E69CF00D792ED /* nail_m.png */; };
		754500921B1E71F600D792ED /* falldown_m.png in Resources */ = {isa = PBXBuildFile; fileRef = 754500911B1E71F600D792ED /* falldown_m.png */; };
		754500941B1E771E00D792ED /* spring.png in Resources */ = {isa = PBXBuildFile; fileRef = 754500931B1E771E00D792ED /* spring.png */; };
		754500961B1E7A3B00D792ED /* springup.png in Resources */ = {isa = PBXBuildFile; fileRef = 754500951B1E7A3B00D792ED /* springup.png */; };
		754500981B1E7FD800D792ED /* shield30.png in Resources */ = {isa = PBXBuildFile; fileRef = 754500971B1E7FD800D792ED /* shield30.png */; };
		7545009A1B1E805E00D792ED /* weight.png in Resources */ = {isa = PBXBuildFile; fileRef = 754500991B1E805E00D792ED /* weight.png */; };
		7545009C1B1E859400D792ED /* field.png in Resources */ = {isa = PBXBuildFile; fileRef = 7545009B1B1E859400D792ED /* field.png */; };
		7545009E1B2129D900D792ED /* slowdown.png in Resources */ = {isa = PBXBuildFile; fileRef = 7545009D1B2129D900D792ED /* slowdown.png */; };
		754500A01B2262BE00D792ED /* banana30.png in Resources */ = {isa = PBXBuildFile; fileRef = 7545009F1B2262BE00D792ED /* banana30.png */; };
		754500A21B226B3A00D792ED /* taptostart.png in Resources */ = {isa = PBXBuildFile; fileRef = 754500A11B226B3A00D792ED /* taptostart.png */; };
		754500A41B226E2D00D792ED /* restart.png in Resources */ = {isa = PBXBuildFile; fileRef = 754500A31B226E2D00D792ED /* restart.png */; };
		754500A61B226F1600D792ED /* gameover.png in Resources */ = {isa = PBXBuildFile; fileRef = 754500A51B226F1600D792ED /* gameover.png */; };
		754500A81B22710800D792ED /* score.png in Resources */ = {isa = PBXBuildFile; fileRef = 754500A71B22710800D792ED /* score.png */; };
		754500AA1B22710F00D792ED /* best.png in Resources */ = {isa = PBXBuildFile; fileRef = 754500A91B22710F00D792ED /* best.png */; };
		754500AC1B22752A00D792ED /* startinfo.png in Resources */ = {isa = PBXBuildFile; fileRef = 754500AB1B22752A00D792ED /* startinfo.png */; };
		754500AE1B227B6300D792ED /* guymove.png in Resources */ = {isa = PBXBuildFile; fileRef = 754500AD1B227B6300D792ED /* guymove.png */; };
		754500B01B22817C00D792ED /* guymove1.png in Resources */ = {isa = PBXBuildFile; fileRef = 754500AF1B22817C00D792ED /* guymove1.png */; };
		754500B21B22818100D792ED /* guymove2.png in Resources */ = {isa = PBXBuildFile; fileRef = 754500B11B22818100D792ED /* guymove2.png */; };
/* End PBXBuildFile section */

/* Begin PBXContainerItemProxy section */
		751CBF661B0E7C4900B5CF6D /* PBXContainerItemProxy */ = {
			isa = PBXContainerItemProxy;
			containerPortal = 751CBF3F1B0E7C4900B5CF6D /* Project object */;
			proxyType = 1;
			remoteGlobalIDString = 751CBF461B0E7C4900B5CF6D;
			remoteInfo = "HAOS HELL";
		};
/* End PBXContainerItemProxy section */

/* Begin PBXFileReference section */
		751CBF471B0E7C4900B5CF6D /* HAOS HELL.app */ = {isa = PBXFileReference; explicitFileType = wrapper.application; includeInIndex = 0; path = "HAOS HELL.app"; sourceTree = BUILT_PRODUCTS_DIR; };
		751CBF4B1B0E7C4900B5CF6D /* Info.plist */ = {isa = PBXFileReference; lastKnownFileType = text.plist.xml; path = Info.plist; sourceTree = "<group>"; };
		751CBF4C1B0E7C4900B5CF6D /* main.m */ = {isa = PBXFileReference; lastKnownFileType = sourcecode.c.objc; path = main.m; sourceTree = "<group>"; };
		751CBF4E1B0E7C4900B5CF6D /* AppDelegate.h */ = {isa = PBXFileReference; lastKnownFileType = sourcecode.c.h; path = AppDelegate.h; sourceTree = "<group>"; };
		751CBF4F1B0E7C4900B5CF6D /* AppDelegate.m */ = {isa = PBXFileReference; lastKnownFileType = sourcecode.c.objc; path = AppDelegate.m; sourceTree = "<group>"; };
		751CBF511B0E7C4900B5CF6D /* GameScene.h */ = {isa = PBXFileReference; lastKnownFileType = sourcecode.c.h; path = GameScene.h; sourceTree = "<group>"; };
		751CBF521B0E7C4900B5CF6D /* GameScene.m */ = {isa = PBXFileReference; lastKnownFileType = sourcecode.c.objc; path = GameScene.m; sourceTree = "<group>"; };
		751CBF541B0E7C4900B5CF6D /* GameScene.sks */ = {isa = PBXFileReference; lastKnownFileType = file.sks; path = GameScene.sks; sourceTree = "<group>"; };
		751CBF561B0E7C4900B5CF6D /* GameViewController.h */ = {isa = PBXFileReference; lastKnownFileType = sourcecode.c.h; path = GameViewController.h; sourceTree = "<group>"; };
		751CBF571B0E7C4900B5CF6D /* GameViewController.m */ = {isa = PBXFileReference; lastKnownFileType = sourcecode.c.objc; path = GameViewController.m; sourceTree = "<group>"; };
		751CBF5A1B0E7C4900B5CF6D /* Base */ = {isa = PBXFileReference; lastKnownFileType = file.storyboard; name = Base; path = Base.lproj/Main.storyboard; sourceTree = "<group>"; };
		751CBF5C1B0E7C4900B5CF6D /* Images.xcassets */ = {isa = PBXFileReference; lastKnownFileType = folder.assetcatalog; path = Images.xcassets; sourceTree = "<group>"; };
		751CBF5F1B0E7C4900B5CF6D /* Base */ = {isa = PBXFileReference; lastKnownFileType = file.xib; name = Base; path = Base.lproj/LaunchScreen.xib; sourceTree = "<group>"; };
		751CBF651B0E7C4900B5CF6D /* HAOS HELLTests.xctest */ = {isa = PBXFileReference; explicitFileType = wrapper.cfbundle; includeInIndex = 0; path = "HAOS HELLTests.xctest"; sourceTree = BUILT_PRODUCTS_DIR; };
		751CBF6A1B0E7C4900B5CF6D /* Info.plist */ = {isa = PBXFileReference; lastKnownFileType = text.plist.xml; path = Info.plist; sourceTree = "<group>"; };
		751CBF6B1B0E7C4900B5CF6D /* HAOS_HELLTests.m */ = {isa = PBXFileReference; lastKnownFileType = sourcecode.c.objc; path = HAOS_HELLTests.m; sourceTree = "<group>"; };
		751CBF781B0E7CC000B5CF6D /* HWHellGenerator.h */ = {isa = PBXFileReference; fileEncoding = 4; lastKnownFileType = sourcecode.c.h; path = HWHellGenerator.h; sourceTree = "<group>"; };
		751CBF791B0E7CC000B5CF6D /* HWHellGenerator.m */ = {isa = PBXFileReference; fileEncoding = 4; lastKnownFileType = sourcecode.c.objc; path = HWHellGenerator.m; sourceTree = "<group>"; };
		751CBF7B1B0E7CE300B5CF6D /* HWDude.h */ = {isa = PBXFileReference; fileEncoding = 4; lastKnownFileType = sourcecode.c.h; path = HWDude.h; sourceTree = "<group>"; };
		751CBF7C1B0E7CE300B5CF6D /* HWDude.m */ = {isa = PBXFileReference; fileEncoding = 4; lastKnownFileType = sourcecode.c.objc; path = HWDude.m; sourceTree = "<group>"; };
		751CBF7E1B0EB1C300B5CF6D /* CoreMotion.framework */ = {isa = PBXFileReference; lastKnownFileType = wrapper.framework; name = CoreMotion.framework; path = System/Library/Frameworks/CoreMotion.framework; sourceTree = SDKROOT; };
		751CBF801B11635E00B5CF6D /* QuartzCore.framework */ = {isa = PBXFileReference; lastKnownFileType = wrapper.framework; name = QuartzCore.framework; path = System/Library/Frameworks/QuartzCore.framework; sourceTree = SDKROOT; };
		751CBF821B11687000B5CF6D /* HWMovingBars.h */ = {isa = PBXFileReference; fileEncoding = 4; lastKnownFileType = sourcecode.c.h; path = HWMovingBars.h; sourceTree = "<group>"; };
		751CBF831B11687000B5CF6D /* HWMovingBars.m */ = {isa = PBXFileReference; fileEncoding = 4; lastKnownFileType = sourcecode.c.objc; path = HWMovingBars.m; sourceTree = "<group>"; };
		751CBF851B13F4AE00B5CF6D /* HWLevel6.h */ = {isa = PBXFileReference; fileEncoding = 4; lastKnownFileType = sourcecode.c.h; path = HWLevel6.h; sourceTree = "<group>"; };
		751CBF861B13F4AE00B5CF6D /* HWLevel6.m */ = {isa = PBXFileReference; fileEncoding = 4; lastKnownFileType = sourcecode.c.objc; path = HWLevel6.m; sourceTree = "<group>"; };
		751CBF881B155B0800B5CF6D /* HWFastEnemy.h */ = {isa = PBXFileReference; fileEncoding = 4; lastKnownFileType = sourcecode.c.h; path = HWFastEnemy.h; sourceTree = "<group>"; };
		751CBF891B155B0800B5CF6D /* HWFastEnemy.m */ = {isa = PBXFileReference; fileEncoding = 4; lastKnownFileType = sourcecode.c.objc; path = HWFastEnemy.m; sourceTree = "<group>"; };
		751CBF8B1B17D01800B5CF6D /* HWLabels.h */ = {isa = PBXFileReference; fileEncoding = 4; lastKnownFileType = sourcecode.c.h; path = HWLabels.h; sourceTree = "<group>"; };
		751CBF8C1B17D01800B5CF6D /* HWLabels.m */ = {isa = PBXFileReference; fileEncoding = 4; lastKnownFileType = sourcecode.c.objc; path = HWLabels.m; sourceTree = "<group>"; };
		751CBF8E1B1801FA00B5CF6D /* HWGameData.h */ = {isa = PBXFileReference; fileEncoding = 4; lastKnownFileType = sourcecode.c.h; path = HWGameData.h; sourceTree = "<group>"; };
		751CBF8F1B1801FA00B5CF6D /* HWGameData.m */ = {isa = PBXFileReference; fileEncoding = 4; lastKnownFileType = sourcecode.c.objc; path = HWGameData.m; sourceTree = "<group>"; };
		7545004B1B1BCF4D00D792ED /* platform20.png */ = {isa = PBXFileReference; lastKnownFileType = image.png; name = platform20.png; path = ../../../../Desktop/platform20.png; sourceTree = "<group>"; };
		754500531B1CFFF400D792ED /* arror_new30.png */ = {isa = PBXFileReference; lastKnownFileType = image.png; name = arror_new30.png; path = ../../../../Desktop/arror_new30.png; sourceTree = "<group>"; };
		754500551B1D004400D792ED /* arror_new20.png */ = {isa = PBXFileReference; lastKnownFileType = image.png; name = arror_new20.png; path = ../../../../Desktop/arror_new20.png; sourceTree = "<group>"; };
		7545005B1B1D046700D792ED /* obs20.png */ = {isa = PBXFileReference; lastKnownFileType = image.png; name = obs20.png; path = ../../../../Pictures/obs20.png; sourceTree = "<group>"; };
		7545005D1B1D064A00D792ED /* platform20_100.png */ = {isa = PBXFileReference; lastKnownFileType = image.png; name = platform20_100.png; path = ../../../../Pictures/platform20_100.png; sourceTree = "<group>"; };
		754500691B1D14B700D792ED /* initbar.png */ = {isa = PBXFileReference; lastKnownFileType = image.png; name = initbar.png; path = ../../../../Pictures/initbar.png; sourceTree = "<group>"; };
		7545006B1B1D15AE00D792ED /* bar.png */ = {isa = PBXFileReference; lastKnownFileType = image.png; name = bar.png; path = ../../../../Pictures/bar.png; sourceTree = "<group>"; };
		754500711B1D1E6900D792ED /* nail.png */ = {isa = PBXFileReference; lastKnownFileType = image.png; name = nail.png; path = ../../../../Pictures/nail.png; sourceTree = "<group>"; };
		754500731B1D231100D792ED /* arror_new20_m.png */ = {isa = PBXFileReference; lastKnownFileType = image.png; name = arror_new20_m.png; path = ../../../../Desktop/arror_new20_m.png; sourceTree = "<group>"; };
		754500751B1D241800D792ED /* clock.png */ = {isa = PBXFileReference; lastKnownFileType = image.png; name = clock.png; path = ../../../../Pictures/clock.png; sourceTree = "<group>"; };
		754500771B1D252A00D792ED /* clock30.png */ = {isa = PBXFileReference; lastKnownFileType = image.png; name = clock30.png; path = ../../../../Pictures/clock30.png; sourceTree = "<group>"; };
		754500791B1D25E200D792ED /* devil30.png */ = {isa = PBXFileReference; lastKnownFileType = image.png; name = devil30.png; path = ../../../../Pictures/devil30.png; sourceTree = "<group>"; };
		7545007B1B1D2AD800D792ED /* guy.png */ = {isa = PBXFileReference; lastKnownFileType = image.png; name = guy.png; path = ../../../../Pictures/guy.png; sourceTree = "<group>"; };
		7545007C1B1D2AD800D792ED /* guyD1.png */ = {isa = PBXFileReference; lastKnownFileType = image.png; name = guyD1.png; path = ../../../../Pictures/guyD1.png; sourceTree = "<group>"; };
		7545007D1B1D2AD800D792ED /* guyD2.png */ = {isa = PBXFileReference; lastKnownFileType = image.png; name = guyD2.png; path = ../../../../Pictures/guyD2.png; sourceTree = "<group>"; };
		7545007E1B1D2AD800D792ED /* guyD3.png */ = {isa = PBXFileReference; lastKnownFileType = image.png; name = guyD3.png; path = ../../../../Pictures/guyD3.png; sourceTree = "<group>"; };
		7545007F1B1D2AD800D792ED /* guyD4.png */ = {isa = PBXFileReference; lastKnownFileType = image.png; name = guyD4.png; path = ../../../../Pictures/guyD4.png; sourceTree = "<group>"; };
		754500851B1D2C0800D792ED /* blood.png */ = {isa = PBXFileReference; lastKnownFileType = image.png; name = blood.png; path = ../../../../Pictures/blood.png; sourceTree = "<group>"; };
		754500871B1D337800D792ED /* guy_m.png */ = {isa = PBXFileReference; lastKnownFileType = image.png; name = guy_m.png; path = ../../../../Pictures/guy_m.png; sourceTree = "<group>"; };
		754500891B1D34CB00D792ED /* speedup400.png */ = {isa = PBXFileReference; lastKnownFileType = image.png; name = speedup400.png; path = ../../../../Pictures/speedup400.png; sourceTree = "<group>"; };
		7545008B1B1D79CE00D792ED /* skull30.png */ = {isa = PBXFileReference; lastKnownFileType = image.png; name = skull30.png; path = ../../../../Pictures/skull30.png; sourceTree = "<group>"; };
		7545008D1B1D7CFB00D792ED /* falldown.png */ = {isa = PBXFileReference; lastKnownFileType = image.png; name = falldown.png; path = ../../../../Pictures/falldown.png; sourceTree = "<group>"; };
		7545008F1B1E69CF00D792ED /* nail_m.png */ = {isa = PBXFileReference; lastKnownFileType = image.png; name = nail_m.png; path = ../../../../Pictures/nail_m.png; sourceTree = "<group>"; };
		754500911B1E71F600D792ED /* falldown_m.png */ = {isa = PBXFileReference; lastKnownFileType = image.png; name = falldown_m.png; path = ../../../../Pictures/falldown_m.png; sourceTree = "<group>"; };
		754500931B1E771E00D792ED /* spring.png */ = {isa = PBXFileReference; lastKnownFileType = image.png; name = spring.png; path = ../../../../Pictures/spring.png; sourceTree = "<group>"; };
		754500951B1E7A3B00D792ED /* springup.png */ = {isa = PBXFileReference; lastKnownFileType = image.png; name = springup.png; path = ../../../../Pictures/springup.png; sourceTree = "<group>"; };
		754500971B1E7FD800D792ED /* shield30.png */ = {isa = PBXFileReference; lastKnownFileType = image.png; name = shield30.png; path = ../../../../Pictures/shield30.png; sourceTree = "<group>"; };
		754500991B1E805E00D792ED /* weight.png */ = {isa = PBXFileReference; lastKnownFileType = image.png; name = weight.png; path = ../../../../Pictures/weight.png; sourceTree = "<group>"; };
		7545009B1B1E859400D792ED /* field.png */ = {isa = PBXFileReference; lastKnownFileType = image.png; name = field.png; path = ../../../../Pictures/field.png; sourceTree = "<group>"; };
		7545009D1B2129D900D792ED /* slowdown.png */ = {isa = PBXFileReference; lastKnownFileType = image.png; name = slowdown.png; path = ../../../../Pictures/slowdown.png; sourceTree = "<group>"; };
		7545009F1B2262BE00D792ED /* banana30.png */ = {isa = PBXFileReference; lastKnownFileType = image.png; name = banana30.png; path = ../../../../Pictures/banana30.png; sourceTree = "<group>"; };
		754500A11B226B3A00D792ED /* taptostart.png */ = {isa = PBXFileReference; lastKnownFileType = image.png; name = taptostart.png; path = ../../../../Pictures/taptostart.png; sourceTree = "<group>"; };
		754500A31B226E2D00D792ED /* restart.png */ = {isa = PBXFileReference; lastKnownFileType = image.png; name = restart.png; path = ../../../../Pictures/restart.png; sourceTree = "<group>"; };
		754500A51B226F1600D792ED /* gameover.png */ = {isa = PBXFileReference; lastKnownFileType = image.png; name = gameover.png; path = ../../../../Pictures/gameover.png; sourceTree = "<group>"; };
		754500A71B22710800D792ED /* score.png */ = {isa = PBXFileReference; lastKnownFileType = image.png; name = score.png; path = ../../../../Pictures/score.png; sourceTree = "<group>"; };
		754500A91B22710F00D792ED /* best.png */ = {isa = PBXFileReference; lastKnownFileType = image.png; name = best.png; path = ../../../../Pictures/best.png; sourceTree = "<group>"; };
		754500AB1B22752A00D792ED /* startinfo.png */ = {isa = PBXFileReference; lastKnownFileType = image.png; name = startinfo.png; path = ../../../../Pictures/startinfo.png; sourceTree = "<group>"; };
		754500AD1B227B6300D792ED /* guymove.png */ = {isa = PBXFileReference; lastKnownFileType = image.png; name = guymove.png; path = ../../../../Pictures/guymove.png; sourceTree = "<group>"; };
		754500AF1B22817C00D792ED /* guymove1.png */ = {isa = PBXFileReference; lastKnownFileType = image.png; name = guymove1.png; path = ../../../../Pictures/guymove1.png; sourceTree = "<group>"; };
		754500B11B22818100D792ED /* guymove2.png */ = {isa = PBXFileReference; lastKnownFileType = image.png; name = guymove2.png; path = ../../../../Pictures/guymove2.png; sourceTree = "<group>"; };
/* End PBXFileReference section */

/* Begin PBXFrameworksBuildPhase section */
		751CBF441B0E7C4900B5CF6D /* Frameworks */ = {
			isa = PBXFrameworksBuildPhase;
			buildActionMask = 2147483647;
			files = (
				751CBF811B11635E00B5CF6D /* QuartzCore.framework in Frameworks */,
				751CBF7F1B0EB1C300B5CF6D /* CoreMotion.framework in Frameworks */,
			);
			runOnlyForDeploymentPostprocessing = 0;
		};
		751CBF621B0E7C4900B5CF6D /* Frameworks */ = {
			isa = PBXFrameworksBuildPhase;
			buildActionMask = 2147483647;
			files = (
			);
			runOnlyForDeploymentPostprocessing = 0;
		};
/* End PBXFrameworksBuildPhase section */

/* Begin PBXGroup section */
		751CBF3E1B0E7C4900B5CF6D = {
			isa = PBXGroup;
			children = (
				751CBF801B11635E00B5CF6D /* QuartzCore.framework */,
				751CBF7E1B0EB1C300B5CF6D /* CoreMotion.framework */,
				751CBF491B0E7C4900B5CF6D /* HAOS HELL */,
				751CBF681B0E7C4900B5CF6D /* HAOS HELLTests */,
				751CBF481B0E7C4900B5CF6D /* Products */,
			);
			sourceTree = "<group>";
		};
		751CBF481B0E7C4900B5CF6D /* Products */ = {
			isa = PBXGroup;
			children = (
				751CBF471B0E7C4900B5CF6D /* HAOS HELL.app */,
				751CBF651B0E7C4900B5CF6D /* HAOS HELLTests.xctest */,
			);
			name = Products;
			sourceTree = "<group>";
		};
		751CBF491B0E7C4900B5CF6D /* HAOS HELL */ = {
			isa = PBXGroup;
			children = (
				751CBF4E1B0E7C4900B5CF6D /* AppDelegate.h */,
				751CBF4F1B0E7C4900B5CF6D /* AppDelegate.m */,
				751CBF8E1B1801FA00B5CF6D /* HWGameData.h */,
				751CBF8F1B1801FA00B5CF6D /* HWGameData.m */,
				751CBF511B0E7C4900B5CF6D /* GameScene.h */,
				751CBF521B0E7C4900B5CF6D /* GameScene.m */,
				751CBF7B1B0E7CE300B5CF6D /* HWDude.h */,
				751CBF7C1B0E7CE300B5CF6D /* HWDude.m */,
				751CBF781B0E7CC000B5CF6D /* HWHellGenerator.h */,
				751CBF791B0E7CC000B5CF6D /* HWHellGenerator.m */,
				751CBF821B11687000B5CF6D /* HWMovingBars.h */,
				751CBF831B11687000B5CF6D /* HWMovingBars.m */,
				751CBF8B1B17D01800B5CF6D /* HWLabels.h */,
				751CBF8C1B17D01800B5CF6D /* HWLabels.m */,
				751CBF851B13F4AE00B5CF6D /* HWLevel6.h */,
				751CBF861B13F4AE00B5CF6D /* HWLevel6.m */,
				751CBF881B155B0800B5CF6D /* HWFastEnemy.h */,
				751CBF891B155B0800B5CF6D /* HWFastEnemy.m */,
				754500AB1B22752A00D792ED /* startinfo.png */,
				754500A71B22710800D792ED /* score.png */,
				754500A91B22710F00D792ED /* best.png */,
				754500A51B226F1600D792ED /* gameover.png */,
				754500A11B226B3A00D792ED /* taptostart.png */,
				754500A31B226E2D00D792ED /* restart.png */,
				754500891B1D34CB00D792ED /* speedup400.png */,
				7545009D1B2129D900D792ED /* slowdown.png */,
				754500AD1B227B6300D792ED /* guymove.png */,
				754500AF1B22817C00D792ED /* guymove1.png */,
				754500B11B22818100D792ED /* guymove2.png */,
				7545007B1B1D2AD800D792ED /* guy.png */,
				754500871B1D337800D792ED /* guy_m.png */,
				7545007C1B1D2AD800D792ED /* guyD1.png */,
				7545007D1B1D2AD800D792ED /* guyD2.png */,
				7545007E1B1D2AD800D792ED /* guyD3.png */,
				7545007F1B1D2AD800D792ED /* guyD4.png */,
				754500851B1D2C0800D792ED /* blood.png */,
				754500711B1D1E6900D792ED /* nail.png */,
				7545008F1B1E69CF00D792ED /* nail_m.png */,
				7545009B1B1E859400D792ED /* field.png */,
				754500931B1E771E00D792ED /* spring.png */,
				754500951B1E7A3B00D792ED /* springup.png */,
				754500991B1E805E00D792ED /* weight.png */,
				7545008D1B1D7CFB00D792ED /* falldown.png */,
				754500911B1E71F600D792ED /* falldown_m.png */,
				754500691B1D14B700D792ED /* initbar.png */,
				7545006B1B1D15AE00D792ED /* bar.png */,
				754500791B1D25E200D792ED /* devil30.png */,
				7545008B1B1D79CE00D792ED /* skull30.png */,
				754500971B1E7FD800D792ED /* shield30.png */,
				7545009F1B2262BE00D792ED /* banana30.png */,
				754500751B1D241800D792ED /* clock.png */,
				754500771B1D252A00D792ED /* clock30.png */,
				7545005B1B1D046700D792ED /* obs20.png */,
				7545005D1B1D064A00D792ED /* platform20_100.png */,
				754500531B1CFFF400D792ED /* arror_new30.png */,
				754500551B1D004400D792ED /* arror_new20.png */,
				754500731B1D231100D792ED /* arror_new20_m.png */,
				7545004B1B1BCF4D00D792ED /* platform20.png */,
				751CBF541B0E7C4900B5CF6D /* GameScene.sks */,
				751CBF561B0E7C4900B5CF6D /* GameViewController.h */,
				751CBF571B0E7C4900B5CF6D /* GameViewController.m */,
				751CBF591B0E7C4900B5CF6D /* Main.storyboard */,
				751CBF5C1B0E7C4900B5CF6D /* Images.xcassets */,
				751CBF5E1B0E7C4900B5CF6D /* LaunchScreen.xib */,
				751CBF4A1B0E7C4900B5CF6D /* Supporting Files */,
			);
			path = "HAOS HELL";
			sourceTree = "<group>";
		};
		751CBF4A1B0E7C4900B5CF6D /* Supporting Files */ = {
			isa = PBXGroup;
			children = (
				751CBF4B1B0E7C4900B5CF6D /* Info.plist */,
				751CBF4C1B0E7C4900B5CF6D /* main.m */,
			);
			name = "Supporting Files";
			sourceTree = "<group>";
		};
		751CBF681B0E7C4900B5CF6D /* HAOS HELLTests */ = {
			isa = PBXGroup;
			children = (
				751CBF6B1B0E7C4900B5CF6D /* HAOS_HELLTests.m */,
				751CBF691B0E7C4900B5CF6D /* Supporting Files */,
			);
			path = "HAOS HELLTests";
			sourceTree = "<group>";
		};
		751CBF691B0E7C4900B5CF6D /* Supporting Files */ = {
			isa = PBXGroup;
			children = (
				751CBF6A1B0E7C4900B5CF6D /* Info.plist */,
			);
			name = "Supporting Files";
			sourceTree = "<group>";
		};
/* End PBXGroup section */

/* Begin PBXNativeTarget section */
		751CBF461B0E7C4900B5CF6D /* HAOS HELL */ = {
			isa = PBXNativeTarget;
			buildConfigurationList = 751CBF6F1B0E7C4900B5CF6D /* Build configuration list for PBXNativeTarget "HAOS HELL" */;
			buildPhases = (
				751CBF431B0E7C4900B5CF6D /* Sources */,
				751CBF441B0E7C4900B5CF6D /* Frameworks */,
				751CBF451B0E7C4900B5CF6D /* Resources */,
			);
			buildRules = (
			);
			dependencies = (
			);
			name = "HAOS HELL";
			productName = "HAOS HELL";
			productReference = 751CBF471B0E7C4900B5CF6D /* HAOS HELL.app */;
			productType = "com.apple.product-type.application";
		};
		751CBF641B0E7C4900B5CF6D /* HAOS HELLTests */ = {
			isa = PBXNativeTarget;
			buildConfigurationList = 751CBF721B0E7C4900B5CF6D /* Build configuration list for PBXNativeTarget "HAOS HELLTests" */;
			buildPhases = (
				751CBF611B0E7C4900B5CF6D /* Sources */,
				751CBF621B0E7C4900B5CF6D /* Frameworks */,
				751CBF631B0E7C4900B5CF6D /* Resources */,
			);
			buildRules = (
			);
			dependencies = (
				751CBF671B0E7C4900B5CF6D /* PBXTargetDependency */,
			);
			name = "HAOS HELLTests";
			productName = "HAOS HELLTests";
			productReference = 751CBF651B0E7C4900B5CF6D /* HAOS HELLTests.xctest */;
			productType = "com.apple.product-type.bundle.unit-test";
		};
/* End PBXNativeTarget section */

/* Begin PBXProject section */
		751CBF3F1B0E7C4900B5CF6D /* Project object */ = {
			isa = PBXProject;
			attributes = {
				LastUpgradeCheck = 0630;
				ORGANIZATIONNAME = "Hao Wu";
				TargetAttributes = {
					751CBF461B0E7C4900B5CF6D = {
						CreatedOnToolsVersion = 6.3.1;
						DevelopmentTeam = 9ZFUDK8B54;
					};
					751CBF641B0E7C4900B5CF6D = {
						CreatedOnToolsVersion = 6.3.1;
						TestTargetID = 751CBF461B0E7C4900B5CF6D;
					};
				};
			};
			buildConfigurationList = 751CBF421B0E7C4900B5CF6D /* Build configuration list for PBXProject "FALLING HELL" */;
			compatibilityVersion = "Xcode 3.2";
			developmentRegion = English;
			hasScannedForEncodings = 0;
			knownRegions = (
				en,
				Base,
			);
			mainGroup = 751CBF3E1B0E7C4900B5CF6D;
			productRefGroup = 751CBF481B0E7C4900B5CF6D /* Products */;
			projectDirPath = "";
			projectRoot = "";
			targets = (
				751CBF461B0E7C4900B5CF6D /* HAOS HELL */,
				751CBF641B0E7C4900B5CF6D /* HAOS HELLTests */,
			);
		};
/* End PBXProject section */

/* Begin PBXResourcesBuildPhase section */
		751CBF451B0E7C4900B5CF6D /* Resources */ = {
			isa = PBXResourcesBuildPhase;
			buildActionMask = 2147483647;
			files = (
				754500AE1B227B6300D792ED /* guymove.png in Resources */,
				754500801B1D2AD800D792ED /* guy.png in Resources */,
				754500AC1B22752A00D792ED /* startinfo.png in Resources */,
				754500AA1B22710F00D792ED /* best.png in Resources */,
				754500961B1E7A3B00D792ED /* springup.png in Resources */,
				754500741B1D231100D792ED /* arror_new20_m.png in Resources */,
				754500821B1D2AD800D792ED /* guyD2.png in Resources */,
				7545008C1B1D79CE00D792ED /* skull30.png in Resources */,
				7545009A1B1E805E00D792ED /* weight.png in Resources */,
				754500541B1CFFF400D792ED /* arror_new30.png in Resources */,
				754500A61B226F1600D792ED /* gameover.png in Resources */,
				7545004C1B1BCF4D00D792ED /* platform20.png in Resources */,
				7545005C1B1D046700D792ED /* obs20.png in Resources */,
				754500781B1D252A00D792ED /* clock30.png in Resources */,
				754500901B1E69CF00D792ED /* nail_m.png in Resources */,
				754500811B1D2AD800D792ED /* guyD1.png in Resources */,
				7545009E1B2129D900D792ED /* slowdown.png in Resources */,
				754500B21B22818100D792ED /* guymove2.png in Resources */,
				7545007A1B1D25E200D792ED /* devil30.png in Resources */,
				754500561B1D004400D792ED /* arror_new20.png in Resources */,
				754500881B1D337800D792ED /* guy_m.png in Resources */,
				754500981B1E7FD800D792ED /* shield30.png in Resources */,
				7545008A1B1D34CB00D792ED /* speedup400.png in Resources */,
				754500A01B2262BE00D792ED /* banana30.png in Resources */,
				751CBF601B0E7C4900B5CF6D /* LaunchScreen.xib in Resources */,
				754500B01B22817C00D792ED /* guymove1.png in Resources */,
				754500841B1D2AD800D792ED /* guyD4.png in Resources */,
				754500941B1E771E00D792ED /* spring.png in Resources */,
				7545006A1B1D14B800D792ED /* initbar.png in Resources */,
				751CBF5D1B0E7C4900B5CF6D /* Images.xcassets in Resources */,
				754500861B1D2C0800D792ED /* blood.png in Resources */,
				7545008E1B1D7CFB00D792ED /* falldown.png in Resources */,
				754500721B1D1E6900D792ED /* nail.png in Resources */,
				754500A81B22710800D792ED /* score.png in Resources */,
				754500A21B226B3A00D792ED /* taptostart.png in Resources */,
				751CBF551B0E7C4900B5CF6D /* GameScene.sks in Resources */,
				754500761B1D241800D792ED /* clock.png in Resources */,
				754500831B1D2AD800D792ED /* guyD3.png in Resources */,
				754500921B1E71F600D792ED /* falldown_m.png in Resources */,
				754500A41B226E2D00D792ED /* restart.png in Resources */,
				7545005E1B1D064A00D792ED /* platform20_100.png in Resources */,
				7545009C1B1E859400D792ED /* field.png in Resources */,
				751CBF5B1B0E7C4900B5CF6D /* Main.storyboard in Resources */,
				7545006C1B1D15AE00D792ED /* bar.png in Resources */,
			);
			runOnlyForDeploymentPostprocessing = 0;
		};
		751CBF631B0E7C4900B5CF6D /* Resources */ = {
			isa = PBXResourcesBuildPhase;
			buildActionMask = 2147483647;
			files = (
			);
			runOnlyForDeploymentPostprocessing = 0;
		};
/* End PBXResourcesBuildPhase section */

/* Begin PBXSourcesBuildPhase section */
		751CBF431B0E7C4900B5CF6D /* Sources */ = {
			isa = PBXSourcesBuildPhase;
			buildActionMask = 2147483647;
			files = (
				751CBF581B0E7C4900B5CF6D /* GameViewController.m in Sources */,
				751CBF8D1B17D01800B5CF6D /* HWLabels.m in Sources */,
				751CBF871B13F4AE00B5CF6D /* HWLevel6.m in Sources */,
				751CBF7A1B0E7CC000B5CF6D /* HWHellGenerator.m in Sources */,
				751CBF8A1B155B0800B5CF6D /* HWFastEnemy.m in Sources */,
				751CBF501B0E7C4900B5CF6D /* AppDelegate.m in Sources */,
				751CBF841B11687000B5CF6D /* HWMovingBars.m in Sources */,
				751CBF531B0E7C4900B5CF6D /* GameScene.m in Sources */,
				751CBF901B1801FA00B5CF6D /* HWGameData.m in Sources */,
				751CBF7D1B0E7CE300B5CF6D /* HWDude.m in Sources */,
				751CBF4D1B0E7C4900B5CF6D /* main.m in Sources */,
			);
			runOnlyForDeploymentPostprocessing = 0;
		};
		751CBF611B0E7C4900B5CF6D /* Sources */ = {
			isa = PBXSourcesBuildPhase;
			buildActionMask = 2147483647;
			files = (
				751CBF6C1B0E7C4900B5CF6D /* HAOS_HELLTests.m in Sources */,
			);
			runOnlyForDeploymentPostprocessing = 0;
		};
/* End PBXSourcesBuildPhase section */

/* Begin PBXTargetDependency section */
		751CBF671B0E7C4900B5CF6D /* PBXTargetDependency */ = {
			isa = PBXTargetDependency;
			target = 751CBF461B0E7C4900B5CF6D /* HAOS HELL */;
			targetProxy = 751CBF661B0E7C4900B5CF6D /* PBXContainerItemProxy */;
		};
/* End PBXTargetDependency section */

/* Begin PBXVariantGroup section */
		751CBF591B0E7C4900B5CF6D /* Main.storyboard */ = {
			isa = PBXVariantGroup;
			children = (
				751CBF5A1B0E7C4900B5CF6D /* Base */,
			);
			name = Main.storyboard;
			sourceTree = "<group>";
		};
		751CBF5E1B0E7C4900B5CF6D /* LaunchScreen.xib */ = {
			isa = PBXVariantGroup;
			children = (
				751CBF5F1B0E7C4900B5CF6D /* Base */,
			);
			name = LaunchScreen.xib;
			sourceTree = "<group>";
		};
/* End PBXVariantGroup section */

/* Begin XCBuildConfiguration section */
		751CBF6D1B0E7C4900B5CF6D /* Debug */ = {
			isa = XCBuildConfiguration;
			buildSettings = {
				ALWAYS_SEARCH_USER_PATHS = NO;
				CLANG_CXX_LANGUAGE_STANDARD = "gnu++0x";
				CLANG_CXX_LIBRARY = "libc++";
				CLANG_ENABLE_MODULES = YES;
				CLANG_ENABLE_OBJC_ARC = YES;
				CLANG_WARN_BOOL_CONVERSION = YES;
				CLANG_WARN_CONSTANT_CONVERSION = YES;
				CLANG_WARN_DIRECT_OBJC_ISA_USAGE = YES_ERROR;
				CLANG_WARN_EMPTY_BODY = YES;
				CLANG_WARN_ENUM_CONVERSION = YES;
				CLANG_WARN_INT_CONVERSION = YES;
				CLANG_WARN_OBJC_ROOT_CLASS = YES_ERROR;
				CLANG_WARN_UNREACHABLE_CODE = YES;
				CLANG_WARN__DUPLICATE_METHOD_MATCH = YES;
				"CODE_SIGN_IDENTITY[sdk=iphoneos*]" = "iPhone Developer";
				COPY_PHASE_STRIP = NO;
				DEBUG_INFORMATION_FORMAT = "dwarf-with-dsym";
				ENABLE_STRICT_OBJC_MSGSEND = YES;
				GCC_C_LANGUAGE_STANDARD = gnu99;
				GCC_DYNAMIC_NO_PIC = NO;
				GCC_NO_COMMON_BLOCKS = YES;
				GCC_OPTIMIZATION_LEVEL = 0;
				GCC_PREPROCESSOR_DEFINITIONS = (
					"DEBUG=1",
					"$(inherited)",
				);
				GCC_SYMBOLS_PRIVATE_EXTERN = NO;
				GCC_WARN_64_TO_32_BIT_CONVERSION = YES;
				GCC_WARN_ABOUT_RETURN_TYPE = YES_ERROR;
				GCC_WARN_UNDECLARED_SELECTOR = YES;
				GCC_WARN_UNINITIALIZED_AUTOS = YES_AGGRESSIVE;
				GCC_WARN_UNUSED_FUNCTION = YES;
				GCC_WARN_UNUSED_VARIABLE = YES;
				IPHONEOS_DEPLOYMENT_TARGET = 8.3;
				MTL_ENABLE_DEBUG_INFO = YES;
				ONLY_ACTIVE_ARCH = YES;
				SDKROOT = iphoneos;
			};
			name = Debug;
		};
		751CBF6E1B0E7C4900B5CF6D /* Release */ = {
			isa = XCBuildConfiguration;
			buildSettings = {
				ALWAYS_SEARCH_USER_PATHS = NO;
				CLANG_CXX_LANGUAGE_STANDARD = "gnu++0x";
				CLANG_CXX_LIBRARY = "libc++";
				CLANG_ENABLE_MODULES = YES;
				CLANG_ENABLE_OBJC_ARC = YES;
				CLANG_WARN_BOOL_CONVERSION = YES;
				CLANG_WARN_CONSTANT_CONVERSION = YES;
				CLANG_WARN_DIRECT_OBJC_ISA_USAGE = YES_ERROR;
				CLANG_WARN_EMPTY_BODY = YES;
				CLANG_WARN_ENUM_CONVERSION = YES;
				CLANG_WARN_INT_CONVERSION = YES;
				CLANG_WARN_OBJC_ROOT_CLASS = YES_ERROR;
				CLANG_WARN_UNREACHABLE_CODE = YES;
				CLANG_WARN__DUPLICATE_METHOD_MATCH = YES;
				"CODE_SIGN_IDENTITY[sdk=iphoneos*]" = "iPhone Developer";
				COPY_PHASE_STRIP = NO;
				DEBUG_INFORMATION_FORMAT = "dwarf-with-dsym";
				ENABLE_NS_ASSERTIONS = NO;
				ENABLE_STRICT_OBJC_MSGSEND = YES;
				GCC_C_LANGUAGE_STANDARD = gnu99;
				GCC_NO_COMMON_BLOCKS = YES;
				GCC_WARN_64_TO_32_BIT_CONVERSION = YES;
				GCC_WARN_ABOUT_RETURN_TYPE = YES_ERROR;
				GCC_WARN_UNDECLARED_SELECTOR = YES;
				GCC_WARN_UNINITIALIZED_AUTOS = YES_AGGRESSIVE;
				GCC_WARN_UNUSED_FUNCTION = YES;
				GCC_WARN_UNUSED_VARIABLE = YES;
				IPHONEOS_DEPLOYMENT_TARGET = 8.3;
				MTL_ENABLE_DEBUG_INFO = NO;
				SDKROOT = iphoneos;
				VALIDATE_PRODUCT = YES;
			};
			name = Release;
		};
		751CBF701B0E7C4900B5CF6D /* Debug */ = {
			isa = XCBuildConfiguration;
			buildSettings = {
				ASSETCATALOG_COMPILER_APPICON_NAME = AppIcon;
				ASSETCATALOG_COMPILER_LAUNCHIMAGE_NAME = LaunchImage;
				CODE_SIGN_IDENTITY = "iPhone Developer";
				"CODE_SIGN_IDENTITY[sdk=iphoneos*]" = "iPhone Developer";
				INFOPLIST_FILE = "HAOS HELL/Info.plist";
				LD_RUNPATH_SEARCH_PATHS = "$(inherited) @executable_path/Frameworks";
				PRODUCT_NAME = "HAOS HELL";
				PROVISIONING_PROFILE = "";
			};
			name = Debug;
		};
		751CBF711B0E7C4900B5CF6D /* Release */ = {
			isa = XCBuildConfiguration;
			buildSettings = {
				ASSETCATALOG_COMPILER_APPICON_NAME = AppIcon;
				ASSETCATALOG_COMPILER_LAUNCHIMAGE_NAME = LaunchImage;
				CODE_SIGN_IDENTITY = "iPhone Developer";
				"CODE_SIGN_IDENTITY[sdk=iphoneos*]" = "iPhone Developer";
				INFOPLIST_FILE = "HAOS HELL/Info.plist";
				LD_RUNPATH_SEARCH_PATHS = "$(inherited) @executable_path/Frameworks";
				PRODUCT_NAME = "HAOS HELL";
				PROVISIONING_PROFILE = "";
			};
			name = Release;
		};
		751CBF731B0E7C4900B5CF6D /* Debug */ = {
			isa = XCBuildConfiguration;
			buildSettings = {
				BUNDLE_LOADER = "$(TEST_HOST)";
				FRAMEWORK_SEARCH_PATHS = (
					"$(SDKROOT)/Developer/Library/Frameworks",
					"$(inherited)",
				);
				GCC_PREPROCESSOR_DEFINITIONS = (
					"DEBUG=1",
					"$(inherited)",
				);
				INFOPLIST_FILE = "HAOS HELLTests/Info.plist";
				LD_RUNPATH_SEARCH_PATHS = "$(inherited) @executable_path/Frameworks @loader_path/Frameworks";
				PRODUCT_NAME = "HAOS HELLTests";
				TEST_HOST = "$(BUILT_PRODUCTS_DIR)/HAOS HELL.app/HAOS HELL";
			};
			name = Debug;
		};
		751CBF741B0E7C4900B5CF6D /* Release */ = {
			isa = XCBuildConfiguration;
			buildSettings = {
				BUNDLE_LOADER = "$(TEST_HOST)";
				FRAMEWORK_SEARCH_PATHS = (
					"$(SDKROOT)/Developer/Library/Frameworks",
					"$(inherited)",
				);
				INFOPLIST_FILE = "HAOS HELLTests/Info.plist";
				LD_RUNPATH_SEARCH_PATHS = "$(inherited) @executable_path/Frameworks @loader_path/Frameworks";
				PRODUCT_NAME = "HAOS HELLTests";
				TEST_HOST = "$(BUILT_PRODUCTS_DIR)/HAOS HELL.app/HAOS HELL";
			};
			name = Release;
		};
/* End XCBuildConfiguration section */

/* Begin XCConfigurationList section */
		751CBF421B0E7C4900B5CF6D /* Build configuration list for PBXProject "FALLING HELL" */ = {
			isa = XCConfigurationList;
			buildConfigurations = (
				751CBF6D1B0E7C4900B5CF6D /* Debug */,
				751CBF6E1B0E7C4900B5CF6D /* Release */,
			);
			defaultConfigurationIsVisible = 0;
			defaultConfigurationName = Release;
		};
		751CBF6F1B0E7C4900B5CF6D /* Build configuration list for PBXNativeTarget "HAOS HELL" */ = {
			isa = XCConfigurationList;
			buildConfigurations = (
				751CBF701B0E7C4900B5CF6D /* Debug */,
				751CBF711B0E7C4900B5CF6D /* Release */,
			);
			defaultConfigurationIsVisible = 0;
			defaultConfigurationName = Release;
		};
		751CBF721B0E7C4900B5CF6D /* Build configuration list for PBXNativeTarget "HAOS HELLTests" */ = {
			isa = XCConfigurationList;
			buildConfigurations = (
				751CBF731B0E7C4900B5CF6D /* Debug */,
				751CBF741B0E7C4900B5CF6D /* Release */,
			);
			defaultConfigurationIsVisible = 0;
			defaultConfigurationName = Release;
		};
/* End XCConfigurationList section */
	};
	rootObject = 751CBF3F1B0E7C4900B5CF6D /* Project object */;
}
